// !$*UTF8*$!
{
	archiveVersion = 1;
	classes = {
	};
	objectVersion = 56;
	objects = {

/* Begin PBXBuildFile section */
		047E98462B10994B003796FF /* PokemonDemoApp.swift in Sources */ = {isa = PBXBuildFile; fileRef = 047E98452B10994B003796FF /* PokemonDemoApp.swift */; };
		047E98482B10994B003796FF /* ContentView.swift in Sources */ = {isa = PBXBuildFile; fileRef = 047E98472B10994B003796FF /* ContentView.swift */; };
		047E984A2B10994F003796FF /* Assets.xcassets in Resources */ = {isa = PBXBuildFile; fileRef = 047E98492B10994F003796FF /* Assets.xcassets */; };
		047E984D2B10994F003796FF /* Preview Assets.xcassets in Resources */ = {isa = PBXBuildFile; fileRef = 047E984C2B10994F003796FF /* Preview Assets.xcassets */; };
		047E98552B1099E3003796FF /* data.json in Resources */ = {isa = PBXBuildFile; fileRef = 047E98542B1099E3003796FF /* data.json */; };
		047E98582B109A54003796FF /* Helpers.swift in Sources */ = {isa = PBXBuildFile; fileRef = 047E98572B109A54003796FF /* Helpers.swift */; };
		047E985B2B109D60003796FF /* PokemonModel.swift in Sources */ = {isa = PBXBuildFile; fileRef = 047E985A2B109D60003796FF /* PokemonModel.swift */; };
		047E985E2B109E43003796FF /* ViewModel.swift in Sources */ = {isa = PBXBuildFile; fileRef = 047E985D2B109E43003796FF /* ViewModel.swift */; };
		047E98612B109E6F003796FF /* PokemonManager.swift in Sources */ = {isa = PBXBuildFile; fileRef = 047E98602B109E6F003796FF /* PokemonManager.swift */; };
		047E98642B10A261003796FF /* PokemonDetailView.swift in Sources */ = {isa = PBXBuildFile; fileRef = 047E98632B10A261003796FF /* PokemonDetailView.swift */; };
		04F3A7352B10A3BE00456558 /* PokemonView.swift in Sources */ = {isa = PBXBuildFile; fileRef = 04F3A7342B10A3BE00456558 /* PokemonView.swift */; };
/* End PBXBuildFile section */

/* Begin PBXFileReference section */
		047E98422B10994B003796FF /* PokemonDemo.app */ = {isa = PBXFileReference; explicitFileType = wrapper.application; includeInIndex = 0; path = PokemonDemo.app; sourceTree = BUILT_PRODUCTS_DIR; };
		047E98452B10994B003796FF /* PokemonDemoApp.swift */ = {isa = PBXFileReference; lastKnownFileType = sourcecode.swift; path = PokemonDemoApp.swift; sourceTree = "<group>"; };
		047E98472B10994B003796FF /* ContentView.swift */ = {isa = PBXFileReference; lastKnownFileType = sourcecode.swift; path = ContentView.swift; sourceTree = "<group>"; };
		047E98492B10994F003796FF /* Assets.xcassets */ = {isa = PBXFileReference; lastKnownFileType = folder.assetcatalog; path = Assets.xcassets; sourceTree = "<group>"; };
		047E984C2B10994F003796FF /* Preview Assets.xcassets */ = {isa = PBXFileReference; lastKnownFileType = folder.assetcatalog; path = "Preview Assets.xcassets"; sourceTree = "<group>"; };
		047E98542B1099E3003796FF /* data.json */ = {isa = PBXFileReference; lastKnownFileType = text.json; path = data.json; sourceTree = "<group>"; };
		047E98572B109A54003796FF /* Helpers.swift */ = {isa = PBXFileReference; lastKnownFileType = sourcecode.swift; path = Helpers.swift; sourceTree = "<group>"; };
		047E985A2B109D60003796FF /* PokemonModel.swift */ = {isa = PBXFileReference; lastKnownFileType = sourcecode.swift; path = PokemonModel.swift; sourceTree = "<group>"; };
		047E985D2B109E43003796FF /* ViewModel.swift */ = {isa = PBXFileReference; lastKnownFileType = sourcecode.swift; path = ViewModel.swift; sourceTree = "<group>"; };
		047E98602B109E6F003796FF /* PokemonManager.swift */ = {isa = PBXFileReference; lastKnownFileType = sourcecode.swift; path = PokemonManager.swift; sourceTree = "<group>"; };
		047E98632B10A261003796FF /* PokemonDetailView.swift */ = {isa = PBXFileReference; lastKnownFileType = sourcecode.swift; path = PokemonDetailView.swift; sourceTree = "<group>"; };
		04F3A7342B10A3BE00456558 /* PokemonView.swift */ = {isa = PBXFileReference; lastKnownFileType = sourcecode.swift; path = PokemonView.swift; sourceTree = "<group>"; };
/* End PBXFileReference section */

/* Begin PBXFrameworksBuildPhase section */
		047E983F2B10994B003796FF /* Frameworks */ = {
			isa = PBXFrameworksBuildPhase;
			buildActionMask = 2147483647;
			files = (
			);
			runOnlyForDeploymentPostprocessing = 0;
		};
/* End PBXFrameworksBuildPhase section */

/* Begin PBXGroup section */
		047E98392B10994B003796FF = {
			isa = PBXGroup;
			children = (
				047E98442B10994B003796FF /* PokemonDemo */,
				047E98432B10994B003796FF /* Products */,
			);
			sourceTree = "<group>";
		};
		047E98432B10994B003796FF /* Products */ = {
			isa = PBXGroup;
			children = (
				047E98422B10994B003796FF /* PokemonDemo.app */,
			);
			name = Products;
			sourceTree = "<group>";
		};
		047E98442B10994B003796FF /* PokemonDemo */ = {
			isa = PBXGroup;
			children = (
				047E98622B10A21D003796FF /* Views */,
				047E985F2B109E5C003796FF /* Managers */,
				047E985C2B109E31003796FF /* ViewModels */,
				047E98592B109D52003796FF /* Models */,
				047E98562B109A38003796FF /* Helpers */,
				047E98532B1099C8003796FF /* Data */,
				047E98452B10994B003796FF /* PokemonDemoApp.swift */,
				047E98492B10994F003796FF /* Assets.xcassets */,
				047E984B2B10994F003796FF /* Preview Content */,
			);
			path = PokemonDemo;
			sourceTree = "<group>";
		};
		047E984B2B10994F003796FF /* Preview Content */ = {
			isa = PBXGroup;
			children = (
				047E984C2B10994F003796FF /* Preview Assets.xcassets */,
			);
			path = "Preview Content";
			sourceTree = "<group>";
		};
		047E98532B1099C8003796FF /* Data */ = {
			isa = PBXGroup;
			children = (
				047E98542B1099E3003796FF /* data.json */,
			);
			path = Data;
			sourceTree = "<group>";
		};
		047E98562B109A38003796FF /* Helpers */ = {
			isa = PBXGroup;
			children = (
				047E98572B109A54003796FF /* Helpers.swift */,
			);
			path = Helpers;
			sourceTree = "<group>";
		};
		047E98592B109D52003796FF /* Models */ = {
			isa = PBXGroup;
			children = (
				047E985A2B109D60003796FF /* PokemonModel.swift */,
			);
			path = Models;
			sourceTree = "<group>";
		};
		047E985C2B109E31003796FF /* ViewModels */ = {
			isa = PBXGroup;
			children = (
				047E985D2B109E43003796FF /* ViewModel.swift */,
			);
			path = ViewModels;
			sourceTree = "<group>";
		};
		047E985F2B109E5C003796FF /* Managers */ = {
			isa = PBXGroup;
			children = (
				047E98602B109E6F003796FF /* PokemonManager.swift */,
			);
			path = Managers;
			sourceTree = "<group>";
		};
		047E98622B10A21D003796FF /* Views */ = {
			isa = PBXGroup;
			children = (
				047E98472B10994B003796FF /* ContentView.swift */,
				047E98632B10A261003796FF /* PokemonDetailView.swift */,
				04F3A7342B10A3BE00456558 /* PokemonView.swift */,
			);
			path = Views;
			sourceTree = "<group>";
		};
/* End PBXGroup section */

/* Begin PBXNativeTarget section */
		047E98412B10994B003796FF /* PokemonDemo */ = {
			isa = PBXNativeTarget;
			buildConfigurationList = 047E98502B10994F003796FF /* Build configuration list for PBXNativeTarget "PokemonDemo" */;
			buildPhases = (
				047E983E2B10994B003796FF /* Sources */,
				047E983F2B10994B003796FF /* Frameworks */,
				047E98402B10994B003796FF /* Resources */,
			);
			buildRules = (
			);
			dependencies = (
			);
			name = PokemonDemo;
			productName = PokemonDemo;
			productReference = 047E98422B10994B003796FF /* PokemonDemo.app */;
			productType = "com.apple.product-type.application";
		};
/* End PBXNativeTarget section */

/* Begin PBXProject section */
		047E983A2B10994B003796FF /* Project object */ = {
			isa = PBXProject;
			attributes = {
				BuildIndependentTargetsInParallel = 1;
				LastSwiftUpdateCheck = 1420;
				LastUpgradeCheck = 1420;
				TargetAttributes = {
					047E98412B10994B003796FF = {
						CreatedOnToolsVersion = 14.2;
					};
				};
			};
			buildConfigurationList = 047E983D2B10994B003796FF /* Build configuration list for PBXProject "PokemonDemo" */;
			compatibilityVersion = "Xcode 14.0";
			developmentRegion = en;
			hasScannedForEncodings = 0;
			knownRegions = (
				en,
				Base,
			);
			mainGroup = 047E98392B10994B003796FF;
			productRefGroup = 047E98432B10994B003796FF /* Products */;
			projectDirPath = "";
			projectRoot = "";
			targets = (
				047E98412B10994B003796FF /* PokemonDemo */,
			);
		};
/* End PBXProject section */

/* Begin PBXResourcesBuildPhase section */
		047E98402B10994B003796FF /* Resources */ = {
			isa = PBXResourcesBuildPhase;
			buildActionMask = 2147483647;
			files = (
				047E984D2B10994F003796FF /* Preview Assets.xcassets in Resources */,
				047E98552B1099E3003796FF /* data.json in Resources */,
				047E984A2B10994F003796FF /* Assets.xcassets in Resources */,
			);
			runOnlyForDeploymentPostprocessing = 0;
		};
/* End PBXResourcesBuildPhase section */

/* Begin PBXSourcesBuildPhase section */
		047E983E2B10994B003796FF /* Sources */ = {
			isa = PBXSourcesBuildPhase;
			buildActionMask = 2147483647;
			files = (
				04F3A7352B10A3BE00456558 /* PokemonView.swift in Sources */,
				047E985E2B109E43003796FF /* ViewModel.swift in Sources */,
				047E98612B109E6F003796FF /* PokemonManager.swift in Sources */,
				047E98482B10994B003796FF /* ContentView.swift in Sources */,
				047E98582B109A54003796FF /* Helpers.swift in Sources */,
				047E98462B10994B003796FF /* PokemonDemoApp.swift in Sources */,
				047E98642B10A261003796FF /* PokemonDetailView.swift in Sources */,
				047E985B2B109D60003796FF /* PokemonModel.swift in Sources */,
			);
			runOnlyForDeploymentPostprocessing = 0;
		};
/* End PBXSourcesBuildPhase section */

/* Begin XCBuildConfiguration section */
		047E984E2B10994F003796FF /* Debug */ = {
			isa = XCBuildConfiguration;
			buildSettings = {
				ALWAYS_SEARCH_USER_PATHS = NO;
				CLANG_ANALYZER_NONNULL = YES;
				CLANG_ANALYZER_NUMBER_OBJECT_CONVERSION = YES_AGGRESSIVE;
				CLANG_CXX_LANGUAGE_STANDARD = "gnu++20";
				CLANG_ENABLE_MODULES = YES;
				CLANG_ENABLE_OBJC_ARC = YES;
				CLANG_ENABLE_OBJC_WEAK = YES;
				CLANG_WARN_BLOCK_CAPTURE_AUTORELEASING = YES;
				CLANG_WARN_BOOL_CONVERSION = YES;
				CLANG_WARN_COMMA = YES;
				CLANG_WARN_CONSTANT_CONVERSION = YES;
				CLANG_WARN_DEPRECATED_OBJC_IMPLEMENTATIONS = YES;
				CLANG_WARN_DIRECT_OBJC_ISA_USAGE = YES_ERROR;
				CLANG_WARN_DOCUMENTATION_COMMENTS = YES;
				CLANG_WARN_EMPTY_BODY = YES;
				CLANG_WARN_ENUM_CONVERSION = YES;
				CLANG_WARN_INFINITE_RECURSION = YES;
				CLANG_WARN_INT_CONVERSION = YES;
				CLANG_WARN_NON_LITERAL_NULL_CONVERSION = YES;
				CLANG_WARN_OBJC_IMPLICIT_RETAIN_SELF = YES;
				CLANG_WARN_OBJC_LITERAL_CONVERSION = YES;
				CLANG_WARN_OBJC_ROOT_CLASS = YES_ERROR;
				CLANG_WARN_QUOTED_INCLUDE_IN_FRAMEWORK_HEADER = YES;
				CLANG_WARN_RANGE_LOOP_ANALYSIS = YES;
				CLANG_WARN_STRICT_PROTOTYPES = YES;
				CLANG_WARN_SUSPICIOUS_MOVE = YES;
				CLANG_WARN_UNGUARDED_AVAILABILITY = YES_AGGRESSIVE;
				CLANG_WARN_UNREACHABLE_CODE = YES;
				CLANG_WARN__DUPLICATE_METHOD_MATCH = YES;
				COPY_PHASE_STRIP = NO;
				DEBUG_INFORMATION_FORMAT = dwarf;
				ENABLE_STRICT_OBJC_MSGSEND = YES;
				ENABLE_TESTABILITY = YES;
				GCC_C_LANGUAGE_STANDARD = gnu11;
				GCC_DYNAMIC_NO_PIC = NO;
				GCC_NO_COMMON_BLOCKS = YES;
				GCC_OPTIMIZATION_LEVEL = 0;
				GCC_PREPROCESSOR_DEFINITIONS = (
					"DEBUG=1",
					"$(inherited)",
				);
				GCC_WARN_64_TO_32_BIT_CONVERSION = YES;
				GCC_WARN_ABOUT_RETURN_TYPE = YES_ERROR;
				GCC_WARN_UNDECLARED_SELECTOR = YES;
				GCC_WARN_UNINITIALIZED_AUTOS = YES_AGGRESSIVE;
				GCC_WARN_UNUSED_FUNCTION = YES;
				GCC_WARN_UNUSED_VARIABLE = YES;
				IPHONEOS_DEPLOYMENT_TARGET = 16.2;
				MTL_ENABLE_DEBUG_INFO = INCLUDE_SOURCE;
				MTL_FAST_MATH = YES;
				ONLY_ACTIVE_ARCH = YES;
				SDKROOT = iphoneos;
				SWIFT_ACTIVE_COMPILATION_CONDITIONS = DEBUG;
				SWIFT_OPTIMIZATION_LEVEL = "-Onone";
			};
			name = Debug;
		};
		047E984F2B10994F003796FF /* Release */ = {
			isa = XCBuildConfiguration;
			buildSettings = {
				ALWAYS_SEARCH_USER_PATHS = NO;
				CLANG_ANALYZER_NONNULL = YES;
				CLANG_ANALYZER_NUMBER_OBJECT_CONVERSION = YES_AGGRESSIVE;
				CLANG_CXX_LANGUAGE_STANDARD = "gnu++20";
				CLANG_ENABLE_MODULES = YES;
				CLANG_ENABLE_OBJC_ARC = YES;
				CLANG_ENABLE_OBJC_WEAK = YES;
				CLANG_WARN_BLOCK_CAPTURE_AUTORELEASING = YES;
				CLANG_WARN_BOOL_CONVERSION = YES;
				CLANG_WARN_COMMA = YES;
				CLANG_WARN_CONSTANT_CONVERSION = YES;
				CLANG_WARN_DEPRECATED_OBJC_IMPLEMENTATIONS = YES;
				CLANG_WARN_DIRECT_OBJC_ISA_USAGE = YES_ERROR;
				CLANG_WARN_DOCUMENTATION_COMMENTS = YES;
				CLANG_WARN_EMPTY_BODY = YES;
				CLANG_WARN_ENUM_CONVERSION = YES;
				CLANG_WARN_INFINITE_RECURSION = YES;
				CLANG_WARN_INT_CONVERSION = YES;
				CLANG_WARN_NON_LITERAL_NULL_CONVERSION = YES;
				CLANG_WARN_OBJC_IMPLICIT_RETAIN_SELF = YES;
				CLANG_WARN_OBJC_LITERAL_CONVERSION = YES;
				CLANG_WARN_OBJC_ROOT_CLASS = YES_ERROR;
				CLANG_WARN_QUOTED_INCLUDE_IN_FRAMEWORK_HEADER = YES;
				CLANG_WARN_RANGE_LOOP_ANALYSIS = YES;
				CLANG_WARN_STRICT_PROTOTYPES = YES;
				CLANG_WARN_SUSPICIOUS_MOVE = YES;
				CLANG_WARN_UNGUARDED_AVAILABILITY = YES_AGGRESSIVE;
				CLANG_WARN_UNREACHABLE_CODE = YES;
				CLANG_WARN__DUPLICATE_METHOD_MATCH = YES;
				COPY_PHASE_STRIP = NO;
				DEBUG_INFORMATION_FORMAT = "dwarf-with-dsym";
				ENABLE_NS_ASSERTIONS = NO;
				ENABLE_STRICT_OBJC_MSGSEND = YES;
				GCC_C_LANGUAGE_STANDARD = gnu11;
				GCC_NO_COMMON_BLOCKS = YES;
				GCC_WARN_64_TO_32_BIT_CONVERSION = YES;
				GCC_WARN_ABOUT_RETURN_TYPE = YES_ERROR;
				GCC_WARN_UNDECLARED_SELECTOR = YES;
				GCC_WARN_UNINITIALIZED_AUTOS = YES_AGGRESSIVE;
				GCC_WARN_UNUSED_FUNCTION = YES;
				GCC_WARN_UNUSED_VARIABLE = YES;
				IPHONEOS_DEPLOYMENT_TARGET = 16.2;
				MTL_ENABLE_DEBUG_INFO = NO;
				MTL_FAST_MATH = YES;
				SDKROOT = iphoneos;
				SWIFT_COMPILATION_MODE = wholemodule;
				SWIFT_OPTIMIZATION_LEVEL = "-O";
				VALIDATE_PRODUCT = YES;
			};
			name = Release;
		};
		047E98512B10994F003796FF /* Debug */ = {
			isa = XCBuildConfiguration;
			buildSettings = {
				ASSETCATALOG_COMPILER_APPICON_NAME = AppIcon;
				ASSETCATALOG_COMPILER_GLOBAL_ACCENT_COLOR_NAME = AccentColor;
				CODE_SIGN_STYLE = Automatic;
				CURRENT_PROJECT_VERSION = 1;
				DEVELOPMENT_ASSET_PATHS = "\"PokemonDemo/Preview Content\"";
				DEVELOPMENT_TEAM = 644348XHYH;
				ENABLE_PREVIEWS = YES;
				GENERATE_INFOPLIST_FILE = YES;
				INFOPLIST_KEY_UIApplicationSceneManifest_Generation = YES;
				INFOPLIST_KEY_UIApplicationSupportsIndirectInputEvents = YES;
				INFOPLIST_KEY_UILaunchScreen_Generation = YES;
				INFOPLIST_KEY_UISupportedInterfaceOrientations_iPad = "UIInterfaceOrientationPortrait UIInterfaceOrientationPortraitUpsideDown UIInterfaceOrientationLandscapeLeft UIInterfaceOrientationLandscapeRight";
				INFOPLIST_KEY_UISupportedInterfaceOrientations_iPhone = "UIInterfaceOrientationPortrait UIInterfaceOrientationLandscapeLeft UIInterfaceOrientationLandscapeRight";
				LD_RUNPATH_SEARCH_PATHS = (
					"$(inherited)",
					"@executable_path/Frameworks",
				);
				MARKETING_VERSION = 1.0;
				PRODUCT_BUNDLE_IDENTIFIER = com.sreesairaghava.PokemonDemo;
				PRODUCT_NAME = "$(TARGET_NAME)";
				SWIFT_EMIT_LOC_STRINGS = YES;
				SWIFT_VERSION = 5.0;
				TARGETED_DEVICE_FAMILY = "1,2";
			};
			name = Debug;
		};
		047E98522B10994F003796FF /* Release */ = {
			isa = XCBuildConfiguration;
			buildSettings = {
				ASSETCATALOG_COMPILER_APPICON_NAME = AppIcon;
				ASSETCATALOG_COMPILER_GLOBAL_ACCENT_COLOR_NAME = AccentColor;
				CODE_SIGN_STYLE = Automatic;
				CURRENT_PROJECT_VERSION = 1;
				DEVELOPMENT_ASSET_PATHS = "\"PokemonDemo/Preview Content\"";
				DEVELOPMENT_TEAM = 644348XHYH;
				ENABLE_PREVIEWS = YES;
				GENERATE_INFOPLIST_FILE = YES;
				INFOPLIST_KEY_UIApplicationSceneManifest_Generation = YES;
				INFOPLIST_KEY_UIApplicationSupportsIndirectInputEvents = YES;
				INFOPLIST_KEY_UILaunchScreen_Generation = YES;
				INFOPLIST_KEY_UISupportedInterfaceOrientations_iPad = "UIInterfaceOrientationPortrait UIInterfaceOrientationPortraitUpsideDown UIInterfaceOrientationLandscapeLeft UIInterfaceOrientationLandscapeRight";
				INFOPLIST_KEY_UISupportedInterfaceOrientations_iPhone = "UIInterfaceOrientationPortrait UIInterfaceOrientationLandscapeLeft UIInterfaceOrientationLandscapeRight";
				LD_RUNPATH_SEARCH_PATHS = (
					"$(inherited)",
					"@executable_path/Frameworks",
				);
				MARKETING_VERSION = 1.0;
				PRODUCT_BUNDLE_IDENTIFIER = com.sreesairaghava.PokemonDemo;
				PRODUCT_NAME = "$(TARGET_NAME)";
				SWIFT_EMIT_LOC_STRINGS = YES;
				SWIFT_VERSION = 5.0;
				TARGETED_DEVICE_FAMILY = "1,2";
			};
			name = Release;
		};
/* End XCBuildConfiguration section */

/* Begin XCConfigurationList section */
		047E983D2B10994B003796FF /* Build configuration list for PBXProject "PokemonDemo" */ = {
			isa = XCConfigurationList;
			buildConfigurations = (
				047E984E2B10994F003796FF /* Debug */,
				047E984F2B10994F003796FF /* Release */,
			);
			defaultConfigurationIsVisible = 0;
			defaultConfigurationName = Release;
		};
		047E98502B10994F003796FF /* Build configuration list for PBXNativeTarget "PokemonDemo" */ = {
			isa = XCConfigurationList;
			buildConfigurations = (
				047E98512B10994F003796FF /* Debug */,
				047E98522B10994F003796FF /* Release */,
			);
			defaultConfigurationIsVisible = 0;
			defaultConfigurationName = Release;
		};
/* End XCConfigurationList section */
	};
	rootObject = 047E983A2B10994B003796FF /* Project object */;
}
